// !$*UTF8*$!
{
	archiveVersion = 1;
	classes = {
	};
	objectVersion = 50;
	objects = {

/* Begin PBXBuildFile section */
		320E36296682F62FBCC920B0 /* libPods-MXImageBrowser.a in Frameworks */ = {isa = PBXBuildFile; fileRef = 4DA53DB2B49DEF03A56CDC62 /* libPods-MXImageBrowser.a */; };
		5B2D724F218C3F9A003DF244 /* 1234567@2x.png in Resources */ = {isa = PBXBuildFile; fileRef = 5B2D724E218C3F9A003DF244 /* 1234567@2x.png */; };
		5BFCF5DD218AAA7F00302BD5 /* AppDelegate.m in Sources */ = {isa = PBXBuildFile; fileRef = 5BFCF5DC218AAA7F00302BD5 /* AppDelegate.m */; };
		5BFCF5E0218AAA7F00302BD5 /* ViewController.m in Sources */ = {isa = PBXBuildFile; fileRef = 5BFCF5DF218AAA7F00302BD5 /* ViewController.m */; };
		5BFCF5E3218AAA7F00302BD5 /* Main.storyboard in Resources */ = {isa = PBXBuildFile; fileRef = 5BFCF5E1218AAA7F00302BD5 /* Main.storyboard */; };
		5BFCF5E5218AAA8000302BD5 /* Assets.xcassets in Resources */ = {isa = PBXBuildFile; fileRef = 5BFCF5E4218AAA8000302BD5 /* Assets.xcassets */; };
		5BFCF5E8218AAA8000302BD5 /* LaunchScreen.storyboard in Resources */ = {isa = PBXBuildFile; fileRef = 5BFCF5E6218AAA8000302BD5 /* LaunchScreen.storyboard */; };
		5BFCF5EB218AAA8000302BD5 /* main.m in Sources */ = {isa = PBXBuildFile; fileRef = 5BFCF5EA218AAA8000302BD5 /* main.m */; };
		5BFCF5F3218AAB5000302BD5 /* MXImageBrowser.m in Sources */ = {isa = PBXBuildFile; fileRef = 5BFCF5F2218AAB5000302BD5 /* MXImageBrowser.m */; };
		5BFCF5F7218AD6A000302BD5 /* MXTransitionManager.m in Sources */ = {isa = PBXBuildFile; fileRef = 5BFCF5F6218AD6A000302BD5 /* MXTransitionManager.m */; };
		5BFCF5FA218AF98200302BD5 /* MXImageContentView.m in Sources */ = {isa = PBXBuildFile; fileRef = 5BFCF5F9218AF98200302BD5 /* MXImageContentView.m */; };
		5BFCF5FD218AFDE500302BD5 /* MXImageBrowserCell.m in Sources */ = {isa = PBXBuildFile; fileRef = 5BFCF5FC218AFDE500302BD5 /* MXImageBrowserCell.m */; };
		5BFCF600218B04DA00302BD5 /* MXBrowserViewLayout.m in Sources */ = {isa = PBXBuildFile; fileRef = 5BFCF5FF218B04DA00302BD5 /* MXBrowserViewLayout.m */; };
		5BFCF602218B0C6400302BD5 /* 2014120107280906.jpg in Resources */ = {isa = PBXBuildFile; fileRef = 5BFCF601218B0C6300302BD5 /* 2014120107280906.jpg */; };
/* End PBXBuildFile section */

/* Begin PBXFileReference section */
		10A7D8AC76827DC48678D0FE /* Pods-MXImageBrowser.debug.xcconfig */ = {isa = PBXFileReference; includeInIndex = 1; lastKnownFileType = text.xcconfig; name = "Pods-MXImageBrowser.debug.xcconfig"; path = "Target Support Files/Pods-MXImageBrowser/Pods-MXImageBrowser.debug.xcconfig"; sourceTree = "<group>"; };
		4DA53DB2B49DEF03A56CDC62 /* libPods-MXImageBrowser.a */ = {isa = PBXFileReference; explicitFileType = archive.ar; includeInIndex = 0; path = "libPods-MXImageBrowser.a"; sourceTree = BUILT_PRODUCTS_DIR; };
		5B2D724D218C1BDA003DF244 /* MXBrowserDefine.h */ = {isa = PBXFileReference; lastKnownFileType = sourcecode.c.h; path = MXBrowserDefine.h; sourceTree = "<group>"; };
		5B2D724E218C3F9A003DF244 /* 1234567@2x.png */ = {isa = PBXFileReference; lastKnownFileType = image.png; path = "1234567@2x.png"; sourceTree = "<group>"; };
		5BFCF5D8218AAA7F00302BD5 /* MXImageBrowser.app */ = {isa = PBXFileReference; explicitFileType = wrapper.application; includeInIndex = 0; path = MXImageBrowser.app; sourceTree = BUILT_PRODUCTS_DIR; };
		5BFCF5DB218AAA7F00302BD5 /* AppDelegate.h */ = {isa = PBXFileReference; lastKnownFileType = sourcecode.c.h; path = AppDelegate.h; sourceTree = "<group>"; };
		5BFCF5DC218AAA7F00302BD5 /* AppDelegate.m */ = {isa = PBXFileReference; lastKnownFileType = sourcecode.c.objc; path = AppDelegate.m; sourceTree = "<group>"; };
		5BFCF5DE218AAA7F00302BD5 /* ViewController.h */ = {isa = PBXFileReference; lastKnownFileType = sourcecode.c.h; path = ViewController.h; sourceTree = "<group>"; };
		5BFCF5DF218AAA7F00302BD5 /* ViewController.m */ = {isa = PBXFileReference; lastKnownFileType = sourcecode.c.objc; path = ViewController.m; sourceTree = "<group>"; };
		5BFCF5E2218AAA7F00302BD5 /* Base */ = {isa = PBXFileReference; lastKnownFileType = file.storyboard; name = Base; path = Base.lproj/Main.storyboard; sourceTree = "<group>"; };
		5BFCF5E4218AAA8000302BD5 /* Assets.xcassets */ = {isa = PBXFileReference; lastKnownFileType = folder.assetcatalog; path = Assets.xcassets; sourceTree = "<group>"; };
		5BFCF5E7218AAA8000302BD5 /* Base */ = {isa = PBXFileReference; lastKnownFileType = file.storyboard; name = Base; path = Base.lproj/LaunchScreen.storyboard; sourceTree = "<group>"; };
		5BFCF5E9218AAA8000302BD5 /* Info.plist */ = {isa = PBXFileReference; lastKnownFileType = text.plist.xml; path = Info.plist; sourceTree = "<group>"; };
		5BFCF5EA218AAA8000302BD5 /* main.m */ = {isa = PBXFileReference; lastKnownFileType = sourcecode.c.objc; path = main.m; sourceTree = "<group>"; };
		5BFCF5F1218AAB5000302BD5 /* MXImageBrowser.h */ = {isa = PBXFileReference; lastKnownFileType = sourcecode.c.h; path = MXImageBrowser.h; sourceTree = "<group>"; };
		5BFCF5F2218AAB5000302BD5 /* MXImageBrowser.m */ = {isa = PBXFileReference; lastKnownFileType = sourcecode.c.objc; path = MXImageBrowser.m; sourceTree = "<group>"; };
		5BFCF5F5218AD6A000302BD5 /* MXTransitionManager.h */ = {isa = PBXFileReference; lastKnownFileType = sourcecode.c.h; path = MXTransitionManager.h; sourceTree = "<group>"; };
		5BFCF5F6218AD6A000302BD5 /* MXTransitionManager.m */ = {isa = PBXFileReference; lastKnownFileType = sourcecode.c.objc; path = MXTransitionManager.m; sourceTree = "<group>"; };
		5BFCF5F8218AF98200302BD5 /* MXImageContentView.h */ = {isa = PBXFileReference; lastKnownFileType = sourcecode.c.h; path = MXImageContentView.h; sourceTree = "<group>"; };
		5BFCF5F9218AF98200302BD5 /* MXImageContentView.m */ = {isa = PBXFileReference; lastKnownFileType = sourcecode.c.objc; path = MXImageContentView.m; sourceTree = "<group>"; };
		5BFCF5FB218AFDE500302BD5 /* MXImageBrowserCell.h */ = {isa = PBXFileReference; lastKnownFileType = sourcecode.c.h; path = MXImageBrowserCell.h; sourceTree = "<group>"; };
		5BFCF5FC218AFDE500302BD5 /* MXImageBrowserCell.m */ = {isa = PBXFileReference; lastKnownFileType = sourcecode.c.objc; path = MXImageBrowserCell.m; sourceTree = "<group>"; };
		5BFCF5FE218B04DA00302BD5 /* MXBrowserViewLayout.h */ = {isa = PBXFileReference; lastKnownFileType = sourcecode.c.h; path = MXBrowserViewLayout.h; sourceTree = "<group>"; };
		5BFCF5FF218B04DA00302BD5 /* MXBrowserViewLayout.m */ = {isa = PBXFileReference; lastKnownFileType = sourcecode.c.objc; path = MXBrowserViewLayout.m; sourceTree = "<group>"; };
		5BFCF601218B0C6300302BD5 /* 2014120107280906.jpg */ = {isa = PBXFileReference; lastKnownFileType = image.jpeg; path = 2014120107280906.jpg; sourceTree = "<group>"; };
		B37D21EB3A4BC518CF64CEC4 /* Pods-MXImageBrowser.release.xcconfig */ = {isa = PBXFileReference; includeInIndex = 1; lastKnownFileType = text.xcconfig; name = "Pods-MXImageBrowser.release.xcconfig"; path = "Target Support Files/Pods-MXImageBrowser/Pods-MXImageBrowser.release.xcconfig"; sourceTree = "<group>"; };
/* End PBXFileReference section */

/* Begin PBXFrameworksBuildPhase section */
		5BFCF5D5218AAA7F00302BD5 /* Frameworks */ = {
			isa = PBXFrameworksBuildPhase;
			buildActionMask = 2147483647;
			files = (
				320E36296682F62FBCC920B0 /* libPods-MXImageBrowser.a in Frameworks */,
			);
			runOnlyForDeploymentPostprocessing = 0;
		};
/* End PBXFrameworksBuildPhase section */

/* Begin PBXGroup section */
		3D6514AA67D22853B31F7DFE /* Frameworks */ = {
			isa = PBXGroup;
			children = (
				4DA53DB2B49DEF03A56CDC62 /* libPods-MXImageBrowser.a */,
			);
			name = Frameworks;
			sourceTree = "<group>";
		};
		5BFCF5CF218AAA7F00302BD5 = {
			isa = PBXGroup;
			children = (
				5BFCF5DA218AAA7F00302BD5 /* MXImageBrowser */,
				5BFCF5D9218AAA7F00302BD5 /* Products */,
				6F392169CFA9997EAB9D25E5 /* Pods */,
				3D6514AA67D22853B31F7DFE /* Frameworks */,
			);
			sourceTree = "<group>";
		};
		5BFCF5D9218AAA7F00302BD5 /* Products */ = {
			isa = PBXGroup;
			children = (
				5BFCF5D8218AAA7F00302BD5 /* MXImageBrowser.app */,
			);
			name = Products;
			sourceTree = "<group>";
		};
		5BFCF5DA218AAA7F00302BD5 /* MXImageBrowser */ = {
			isa = PBXGroup;
			children = (
				5BFCF601218B0C6300302BD5 /* 2014120107280906.jpg */,
				5BFCF5DB218AAA7F00302BD5 /* AppDelegate.h */,
				5BFCF5DC218AAA7F00302BD5 /* AppDelegate.m */,
				5BFCF5DE218AAA7F00302BD5 /* ViewController.h */,
				5BFCF5DF218AAA7F00302BD5 /* ViewController.m */,
				5B2D724D218C1BDA003DF244 /* MXBrowserDefine.h */,
				5BFCF5FE218B04DA00302BD5 /* MXBrowserViewLayout.h */,
				5BFCF5FF218B04DA00302BD5 /* MXBrowserViewLayout.m */,
				5BFCF5FB218AFDE500302BD5 /* MXImageBrowserCell.h */,
				5BFCF5FC218AFDE500302BD5 /* MXImageBrowserCell.m */,
				5BFCF5F8218AF98200302BD5 /* MXImageContentView.h */,
				5BFCF5F9218AF98200302BD5 /* MXImageContentView.m */,
				5BFCF5F5218AD6A000302BD5 /* MXTransitionManager.h */,
				5BFCF5F6218AD6A000302BD5 /* MXTransitionManager.m */,
				5BFCF5F1218AAB5000302BD5 /* MXImageBrowser.h */,
				5BFCF5F2218AAB5000302BD5 /* MXImageBrowser.m */,
				5BFCF5E1218AAA7F00302BD5 /* Main.storyboard */,
				5BFCF5E4218AAA8000302BD5 /* Assets.xcassets */,
				5B2D724E218C3F9A003DF244 /* 1234567@2x.png */,
				5BFCF5E6218AAA8000302BD5 /* LaunchScreen.storyboard */,
				5BFCF5E9218AAA8000302BD5 /* Info.plist */,
				5BFCF5EA218AAA8000302BD5 /* main.m */,
			);
			path = MXImageBrowser;
			sourceTree = "<group>";
		};
		6F392169CFA9997EAB9D25E5 /* Pods */ = {
			isa = PBXGroup;
			children = (
				10A7D8AC76827DC48678D0FE /* Pods-MXImageBrowser.debug.xcconfig */,
				B37D21EB3A4BC518CF64CEC4 /* Pods-MXImageBrowser.release.xcconfig */,
			);
			path = Pods;
			sourceTree = "<group>";
		};
/* End PBXGroup section */

/* Begin PBXNativeTarget section */
		5BFCF5D7218AAA7F00302BD5 /* MXImageBrowser */ = {
			isa = PBXNativeTarget;
			buildConfigurationList = 5BFCF5EE218AAA8000302BD5 /* Build configuration list for PBXNativeTarget "MXImageBrowser" */;
			buildPhases = (
				2107B3FF1E4AB211C64EC5EF /* [CP] Check Pods Manifest.lock */,
				5BFCF5D4218AAA7F00302BD5 /* Sources */,
				5BFCF5D5218AAA7F00302BD5 /* Frameworks */,
				5BFCF5D6218AAA7F00302BD5 /* Resources */,
			);
			buildRules = (
			);
			dependencies = (
			);
			name = MXImageBrowser;
			productName = MXImageBrowser;
			productReference = 5BFCF5D8218AAA7F00302BD5 /* MXImageBrowser.app */;
			productType = "com.apple.product-type.application";
		};
/* End PBXNativeTarget section */

/* Begin PBXProject section */
		5BFCF5D0218AAA7F00302BD5 /* Project object */ = {
			isa = PBXProject;
			attributes = {
				LastUpgradeCheck = 1010;
				ORGANIZATIONNAME = Kuroky;
				TargetAttributes = {
					5BFCF5D7218AAA7F00302BD5 = {
						CreatedOnToolsVersion = 10.1;
					};
				};
			};
			buildConfigurationList = 5BFCF5D3218AAA7F00302BD5 /* Build configuration list for PBXProject "MXImageBrowser" */;
			compatibilityVersion = "Xcode 9.3";
			developmentRegion = en;
			hasScannedForEncodings = 0;
			knownRegions = (
				en,
				Base,
			);
			mainGroup = 5BFCF5CF218AAA7F00302BD5;
			productRefGroup = 5BFCF5D9218AAA7F00302BD5 /* Products */;
			projectDirPath = "";
			projectRoot = "";
			targets = (
				5BFCF5D7218AAA7F00302BD5 /* MXImageBrowser */,
			);
		};
/* End PBXProject section */

/* Begin PBXResourcesBuildPhase section */
		5BFCF5D6218AAA7F00302BD5 /* Resources */ = {
			isa = PBXResourcesBuildPhase;
			buildActionMask = 2147483647;
			files = (
				5BFCF5E8218AAA8000302BD5 /* LaunchScreen.storyboard in Resources */,
				5BFCF5E5218AAA8000302BD5 /* Assets.xcassets in Resources */,
				5B2D724F218C3F9A003DF244 /* 1234567@2x.png in Resources */,
				5BFCF602218B0C6400302BD5 /* 2014120107280906.jpg in Resources */,
				5BFCF5E3218AAA7F00302BD5 /* Main.storyboard in Resources */,
			);
			runOnlyForDeploymentPostprocessing = 0;
		};
/* End PBXResourcesBuildPhase section */

/* Begin PBXShellScriptBuildPhase section */
		2107B3FF1E4AB211C64EC5EF /* [CP] Check Pods Manifest.lock */ = {
			isa = PBXShellScriptBuildPhase;
			buildActionMask = 2147483647;
			files = (
			);
			inputFileListPaths = (
			);
			inputPaths = (
				"${PODS_PODFILE_DIR_PATH}/Podfile.lock",
				"${PODS_ROOT}/Manifest.lock",
			);
			name = "[CP] Check Pods Manifest.lock";
			outputFileListPaths = (
			);
			outputPaths = (
				"$(DERIVED_FILE_DIR)/Pods-MXImageBrowser-checkManifestLockResult.txt",
			);
			runOnlyForDeploymentPostprocessing = 0;
			shellPath = /bin/sh;
			shellScript = "diff \"${PODS_PODFILE_DIR_PATH}/Podfile.lock\" \"${PODS_ROOT}/Manifest.lock\" > /dev/null\nif [ $? != 0 ] ; then\n    # print error to STDERR\n    echo \"error: The sandbox is not in sync with the Podfile.lock. Run 'pod install' or update your CocoaPods installation.\" >&2\n    exit 1\nfi\n# This output is used by Xcode 'outputs' to avoid re-running this script phase.\necho \"SUCCESS\" > \"${SCRIPT_OUTPUT_FILE_0}\"\n";
			showEnvVarsInLog = 0;
		};
/* End PBXShellScriptBuildPhase section */

/* Begin PBXSourcesBuildPhase section */
		5BFCF5D4218AAA7F00302BD5 /* Sources */ = {
			isa = PBXSourcesBuildPhase;
			buildActionMask = 2147483647;
			files = (
				5BFCF5E0218AAA7F00302BD5 /* ViewController.m in Sources */,
				5BFCF5EB218AAA8000302BD5 /* main.m in Sources */,
				5BFCF600218B04DA00302BD5 /* MXBrowserViewLayout.m in Sources */,
				5BFCF5DD218AAA7F00302BD5 /* AppDelegate.m in Sources */,
				5BFCF5FD218AFDE500302BD5 /* MXImageBrowserCell.m in Sources */,
				5BFCF5F3218AAB5000302BD5 /* MXImageBrowser.m in Sources */,
				5BFCF5F7218AD6A000302BD5 /* MXTransitionManager.m in Sources */,
				5BFCF5FA218AF98200302BD5 /* MXImageContentView.m in Sources */,
			);
			runOnlyForDeploymentPostprocessing = 0;
		};
/* End PBXSourcesBuildPhase section */

/* Begin PBXVariantGroup section */
		5BFCF5E1218AAA7F00302BD5 /* Main.storyboard */ = {
			isa = PBXVariantGroup;
			children = (
				5BFCF5E2218AAA7F00302BD5 /* Base */,
			);
			name = Main.storyboard;
			sourceTree = "<group>";
		};
		5BFCF5E6218AAA8000302BD5 /* LaunchScreen.storyboard */ = {
			isa = PBXVariantGroup;
			children = (
				5BFCF5E7218AAA8000302BD5 /* Base */,
			);
			name = LaunchScreen.storyboard;
			sourceTree = "<group>";
		};
/* End PBXVariantGroup section */

/* Begin XCBuildConfiguration section */
		5BFCF5EC218AAA8000302BD5 /* Debug */ = {
			isa = XCBuildConfiguration;
			buildSettings = {
				ALWAYS_SEARCH_USER_PATHS = NO;
				CLANG_ANALYZER_NONNULL = YES;
				CLANG_ANALYZER_NUMBER_OBJECT_CONVERSION = YES_AGGRESSIVE;
				CLANG_CXX_LANGUAGE_STANDARD = "gnu++14";
				CLANG_CXX_LIBRARY = "libc++";
				CLANG_ENABLE_MODULES = YES;
				CLANG_ENABLE_OBJC_ARC = YES;
				CLANG_ENABLE_OBJC_WEAK = YES;
				CLANG_WARN_BLOCK_CAPTURE_AUTORELEASING = YES;
				CLANG_WARN_BOOL_CONVERSION = YES;
				CLANG_WARN_COMMA = YES;
				CLANG_WARN_CONSTANT_CONVERSION = YES;
				CLANG_WARN_DEPRECATED_OBJC_IMPLEMENTATIONS = YES;
				CLANG_WARN_DIRECT_OBJC_ISA_USAGE = YES_ERROR;
				CLANG_WARN_DOCUMENTATION_COMMENTS = YES;
				CLANG_WARN_EMPTY_BODY = YES;
				CLANG_WARN_ENUM_CONVERSION = YES;
				CLANG_WARN_INFINITE_RECURSION = YES;
				CLANG_WARN_INT_CONVERSION = YES;
				CLANG_WARN_NON_LITERAL_NULL_CONVERSION = YES;
				CLANG_WARN_OBJC_IMPLICIT_RETAIN_SELF = YES;
				CLANG_WARN_OBJC_LITERAL_CONVERSION = YES;
				CLANG_WARN_OBJC_ROOT_CLASS = YES_ERROR;
				CLANG_WARN_RANGE_LOOP_ANALYSIS = YES;
				CLANG_WARN_STRICT_PROTOTYPES = YES;
				CLANG_WARN_SUSPICIOUS_MOVE = YES;
				CLANG_WARN_UNGUARDED_AVAILABILITY = YES_AGGRESSIVE;
				CLANG_WARN_UNREACHABLE_CODE = YES;
				CLANG_WARN__DUPLICATE_METHOD_MATCH = YES;
				CODE_SIGN_IDENTITY = "iPhone Developer";
				COPY_PHASE_STRIP = NO;
				DEBUG_INFORMATION_FORMAT = dwarf;
				ENABLE_STRICT_OBJC_MSGSEND = YES;
				ENABLE_TESTABILITY = YES;
				GCC_C_LANGUAGE_STANDARD = gnu11;
				GCC_DYNAMIC_NO_PIC = NO;
				GCC_NO_COMMON_BLOCKS = YES;
				GCC_OPTIMIZATION_LEVEL = 0;
				GCC_PREPROCESSOR_DEFINITIONS = (
					"DEBUG=1",
					"$(inherited)",
				);
				GCC_WARN_64_TO_32_BIT_CONVERSION = YES;
				GCC_WARN_ABOUT_RETURN_TYPE = YES_ERROR;
				GCC_WARN_UNDECLARED_SELECTOR = YES;
				GCC_WARN_UNINITIALIZED_AUTOS = YES_AGGRESSIVE;
				GCC_WARN_UNUSED_FUNCTION = YES;
				GCC_WARN_UNUSED_VARIABLE = YES;
				IPHONEOS_DEPLOYMENT_TARGET = 12.1;
				MTL_ENABLE_DEBUG_INFO = INCLUDE_SOURCE;
				MTL_FAST_MATH = YES;
				ONLY_ACTIVE_ARCH = YES;
				SDKROOT = iphoneos;
			};
			name = Debug;
		};
		5BFCF5ED218AAA8000302BD5 /* Release */ = {
			isa = XCBuildConfiguration;
			buildSettings = {
				ALWAYS_SEARCH_USER_PATHS = NO;
				CLANG_ANALYZER_NONNULL = YES;
				CLANG_ANALYZER_NUMBER_OBJECT_CONVERSION = YES_AGGRESSIVE;
				CLANG_CXX_LANGUAGE_STANDARD = "gnu++14";
				CLANG_CXX_LIBRARY = "libc++";
				CLANG_ENABLE_MODULES = YES;
				CLANG_ENABLE_OBJC_ARC = YES;
				CLANG_ENABLE_OBJC_WEAK = YES;
				CLANG_WARN_BLOCK_CAPTURE_AUTORELEASING = YES;
				CLANG_WARN_BOOL_CONVERSION = YES;
				CLANG_WARN_COMMA = YES;
				CLANG_WARN_CONSTANT_CONVERSION = YES;
				CLANG_WARN_DEPRECATED_OBJC_IMPLEMENTATIONS = YES;
				CLANG_WARN_DIRECT_OBJC_ISA_USAGE = YES_ERROR;
				CLANG_WARN_DOCUMENTATION_COMMENTS = YES;
				CLANG_WARN_EMPTY_BODY = YES;
				CLANG_WARN_ENUM_CONVERSION = YES;
				CLANG_WARN_INFINITE_RECURSION = YES;
				CLANG_WARN_INT_CONVERSION = YES;
				CLANG_WARN_NON_LITERAL_NULL_CONVERSION = YES;
				CLANG_WARN_OBJC_IMPLICIT_RETAIN_SELF = YES;
				CLANG_WARN_OBJC_LITERAL_CONVERSION = YES;
				CLANG_WARN_OBJC_ROOT_CLASS = YES_ERROR;
				CLANG_WARN_RANGE_LOOP_ANALYSIS = YES;
				CLANG_WARN_STRICT_PROTOTYPES = YES;
				CLANG_WARN_SUSPICIOUS_MOVE = YES;
				CLANG_WARN_UNGUARDED_AVAILABILITY = YES_AGGRESSIVE;
				CLANG_WARN_UNREACHABLE_CODE = YES;
				CLANG_WARN__DUPLICATE_METHOD_MATCH = YES;
				CODE_SIGN_IDENTITY = "iPhone Developer";
				COPY_PHASE_STRIP = NO;
				DEBUG_INFORMATION_FORMAT = "dwarf-with-dsym";
				ENABLE_NS_ASSERTIONS = NO;
				ENABLE_STRICT_OBJC_MSGSEND = YES;
				GCC_C_LANGUAGE_STANDARD = gnu11;
				GCC_NO_COMMON_BLOCKS = YES;
				GCC_WARN_64_TO_32_BIT_CONVERSION = YES;
				GCC_WARN_ABOUT_RETURN_TYPE = YES_ERROR;
				GCC_WARN_UNDECLARED_SELECTOR = YES;
				GCC_WARN_UNINITIALIZED_AUTOS = YES_AGGRESSIVE;
				GCC_WARN_UNUSED_FUNCTION = YES;
				GCC_WARN_UNUSED_VARIABLE = YES;
				IPHONEOS_DEPLOYMENT_TARGET = 12.1;
				MTL_ENABLE_DEBUG_INFO = NO;
				MTL_FAST_MATH = YES;
				SDKROOT = iphoneos;
				VALIDATE_PRODUCT = YES;
			};
			name = Release;
		};
		5BFCF5EF218AAA8000302BD5 /* Debug */ = {
			isa = XCBuildConfiguration;
			baseConfigurationReference = 10A7D8AC76827DC48678D0FE /* Pods-MXImageBrowser.debug.xcconfig */;
			buildSettings = {
				ASSETCATALOG_COMPILER_APPICON_NAME = AppIcon;
				CODE_SIGN_STYLE = Automatic;
				DEVELOPMENT_TEAM = DCBW8CKASN;
				INFOPLIST_FILE = MXImageBrowser/Info.plist;
				IPHONEOS_DEPLOYMENT_TARGET = 10.0;
				LD_RUNPATH_SEARCH_PATHS = (
					"$(inherited)",
					"@executable_path/Frameworks",
				);
				PRODUCT_BUNDLE_IDENTIFIER = com.kuroky.MXImageBrowser;
				PRODUCT_NAME = "$(TARGET_NAME)";
				TARGETED_DEVICE_FAMILY = "1,2";
			};
			name = Debug;
		};
		5BFCF5F0218AAA8000302BD5 /* Release */ = {
			isa = XCBuildConfiguration;
			baseConfigurationReference = B37D21EB3A4BC518CF64CEC4 /* Pods-MXImageBrowser.release.xcconfig */;
			buildSettings = {
				ASSETCATALOG_COMPILER_APPICON_NAME = AppIcon;
				CODE_SIGN_STYLE = Automatic;
				DEVELOPMENT_TEAM = DCBW8CKASN;
				INFOPLIST_FILE = MXImageBrowser/Info.plist;
				IPHONEOS_DEPLOYMENT_TARGET = 10.0;
				LD_RUNPATH_SEARCH_PATHS = (
					"$(inherited)",
					"@executable_path/Frameworks",
				);
				PRODUCT_BUNDLE_IDENTIFIER = com.kuroky.MXImageBrowser;
				PRODUCT_NAME = "$(TARGET_NAME)";
				TARGETED_DEVICE_FAMILY = "1,2";
			};
			name = Release;
		};
/* End XCBuildConfiguration section */

/* Begin XCConfigurationList section */
		5BFCF5D3218AAA7F00302BD5 /* Build configuration list for PBXProject "MXImageBrowser" */ = {
			isa = XCConfigurationList;
			buildConfigurations = (
				5BFCF5EC218AAA8000302BD5 /* Debug */,
				5BFCF5ED218AAA8000302BD5 /* Release */,
			);
			defaultConfigurationIsVisible = 0;
			defaultConfigurationName = Release;
		};
		5BFCF5EE218AAA8000302BD5 /* Build configuration list for PBXNativeTarget "MXImageBrowser" */ = {
			isa = XCConfigurationList;
			buildConfigurations = (
				5BFCF5EF218AAA8000302BD5 /* Debug */,
				5BFCF5F0218AAA8000302BD5 /* Release */,
			);
			defaultConfigurationIsVisible = 0;
			defaultConfigurationName = Release;
		};
/* End XCConfigurationList section */
	};
	rootObject = 5BFCF5D0218AAA7F00302BD5 /* Project object */;
}
